
Microsoft Visual Studio Solution File, Format Version 12.00
# Visual Studio Version 16
VisualStudioVersion = 16.0.30225.117
MinimumVisualStudioVersion = 10.0.40219.1
Project("{FAE04EC0-301F-11D3-BF4B-00C04F79EFBC}") = "BangUI", "BangUI\BangUI.csproj", "{77D848EC-D069-49D8-9379-7290BE94AC87}"
EndProject
Project("{9A19103F-16F7-4668-BE54-9A1E7A4F7556}") = "BangGameLibrary", "BangGameLibrary\BangGameLibrary\BangGameLibrary.csproj", "{3547541B-71C3-4546-8F94-23F85944A0BF}"
EndProject
Global
	GlobalSection(SolutionConfigurationPlatforms) = preSolution
		Debug|Any CPU = Debug|Any CPU
		Release|Any CPU = Release|Any CPU
	EndGlobalSection
	GlobalSection(ProjectConfigurationPlatforms) = postSolution
		{77D848EC-D069-49D8-9379-7290BE94AC87}.Debug|Any CPU.ActiveCfg = Debug|Any CPU
		{77D848EC-D069-49D8-9379-7290BE94AC87}.Debug|Any CPU.Build.0 = Debug|Any CPU
		{77D848EC-D069-49D8-9379-7290BE94AC87}.Release|Any CPU.ActiveCfg = Release|Any CPU
		{77D848EC-D069-49D8-9379-7290BE94AC87}.Release|Any CPU.Build.0 = Release|Any CPU
		{3547541B-71C3-4546-8F94-23F85944A0BF}.Debug|Any CPU.ActiveCfg = Debug|Any CPU
		{3547541B-71C3-4546-8F94-23F85944A0BF}.Debug|Any CPU.Build.0 = Debug|Any CPU
		{3547541B-71C3-4546-8F94-23F85944A0BF}.Release|Any CPU.ActiveCfg = Release|Any CPU
		{3547541B-71C3-4546-8F94-23F85944A0BF}.Release|Any CPU.Build.0 = Release|Any CPU
	EndGlobalSection
	GlobalSection(SolutionProperties) = preSolution
		HideSolutionNode = FALSE
	EndGlobalSection
	GlobalSection(ExtensibilityGlobals) = postSolution
		SolutionGuid = {A8F8721C-6557-4E07-9D3A-C954D3363841}
	EndGlobalSection
EndGlobal
