
Microsoft Visual Studio Solution File, Format Version 12.00
# Visual Studio Version 16
VisualStudioVersion = 16.0.30225.117
MinimumVisualStudioVersion = 10.0.40219.1
Project("{FAE04EC0-301F-11D3-BF4B-00C04F79EFBC}") = "BangGameLibrary", "BangGameLibrary\BangGameLibrary.csproj", "{629F22E7-4732-424C-B376-8B455301A237}"
EndProject
Global
	GlobalSection(SolutionConfigurationPlatforms) = preSolution
		Debug|Any CPU = Debug|Any CPU
		Release|Any CPU = Release|Any CPU
	EndGlobalSection
	GlobalSection(ProjectConfigurationPlatforms) = postSolution
		{629F22E7-4732-424C-B376-8B455301A237}.Debug|Any CPU.ActiveCfg = Debug|Any CPU
		{629F22E7-4732-424C-B376-8B455301A237}.Debug|Any CPU.Build.0 = Debug|Any CPU
		{629F22E7-4732-424C-B376-8B455301A237}.Release|Any CPU.ActiveCfg = Debug|Any CPU
		{629F22E7-4732-424C-B376-8B455301A237}.Release|Any CPU.Build.0 = Debug|Any CPU
	EndGlobalSection
	GlobalSection(SolutionProperties) = preSolution
		HideSolutionNode = FALSE
	EndGlobalSection
	GlobalSection(ExtensibilityGlobals) = postSolution
		SolutionGuid = {EE078027-9167-4027-A757-6E769B6BBE01}
	EndGlobalSection
EndGlobal
